
Microsoft Visual Studio Solution File, Format Version 12.00
# Visual Studio Version 17
VisualStudioVersion = 17.7.34031.279
MinimumVisualStudioVersion = 10.0.40219.1
Project("{FAE04EC0-301F-11D3-BF4B-00C04F79EFBC}") = "QuanLyNetSieuCapVipPro", "QuanLyNetSieuCapVipPro\QuanLyNetSieuCapVipPro.csproj", "{789B5C93-46EB-407E-8247-A7FF995ABAC5}"
EndProject
Global
	GlobalSection(SolutionConfigurationPlatforms) = preSolution
		Debug|Any CPU = Debug|Any CPU
		Release|Any CPU = Release|Any CPU
	EndGlobalSection
	GlobalSection(ProjectConfigurationPlatforms) = postSolution
		{789B5C93-46EB-407E-8247-A7FF995ABAC5}.Debug|Any CPU.ActiveCfg = Debug|Any CPU
		{789B5C93-46EB-407E-8247-A7FF995ABAC5}.Debug|Any CPU.Build.0 = Debug|Any CPU
		{789B5C93-46EB-407E-8247-A7FF995ABAC5}.Release|Any CPU.ActiveCfg = Release|Any CPU
		{789B5C93-46EB-407E-8247-A7FF995ABAC5}.Release|Any CPU.Build.0 = Release|Any CPU
	EndGlobalSection
	GlobalSection(SolutionProperties) = preSolution
		HideSolutionNode = FALSE
	EndGlobalSection
	GlobalSection(ExtensibilityGlobals) = postSolution
		SolutionGuid = {CE33E1FB-6DDC-490A-964C-C47F0A2CDD18}
	EndGlobalSection
EndGlobal
